Microsoft Visual Studio Solution File, Format Version 11.00
# Visual Studio 2010
Project("{F184B08F-C81C-45F6-A57F-5ABD9991F28F}") = "DXGrid_UnboundColumns", "DXGrid_UnboundColumns\DXGrid_UnboundColumns.vbproj", "{978D8FAD-A192-469D-B563-7A05839DC690}"
EndProject
Global
	GlobalSection(SolutionConfigurationPlatforms) = preSolution
		Debug|Any CPU = Debug|Any CPU
		Release|Any CPU = Release|Any CPU
	EndGlobalSection
	GlobalSection(ProjectConfigurationPlatforms) = postSolution
		{978D8FAD-A192-469D-B563-7A05839DC690}.Debug|Any CPU.ActiveCfg = Debug|Any CPU
		{978D8FAD-A192-469D-B563-7A05839DC690}.Debug|Any CPU.Build.0 = Debug|Any CPU
		{978D8FAD-A192-469D-B563-7A05839DC690}.Release|Any CPU.ActiveCfg = Release|Any CPU
		{978D8FAD-A192-469D-B563-7A05839DC690}.Release|Any CPU.Build.0 = Release|Any CPU
	EndGlobalSection
	GlobalSection(SolutionProperties) = preSolution
		HideSolutionNode = FALSE
	EndGlobalSection
EndGlobal
